PODS:
  - YXTUnsatisfiableConstraintsDetector (0.1.0)

DEPENDENCIES:
  - YXTUnsatisfiableConstraintsDetector (from `../`)

EXTERNAL SOURCES:
  YXTUnsatisfiableConstraintsDetector:
    :path: "../"

SPEC CHECKSUMS:
  YXTUnsatisfiableConstraintsDetector: 116e8c944f418bd4f7b92e910b93d0fa626822e3

COCOAPODS: 0.39.0
